
Microsoft Visual Studio Solution File, Format Version 12.00
# Visual Studio Version 17
VisualStudioVersion = 17.5.33424.131
MinimumVisualStudioVersion = 10.0.40219.1
Project("{8BC9CEB8-8B4A-11D0-8D11-00A0C91BC942}") = "Raytracing", "Raytracing\Raytracing.vcxproj", "{E5E93463-3CC1-4363-ABA5-E1E62CE1B387}"
EndProject
Project("{8BC9CEB8-8B4A-11D0-8D11-00A0C91BC942}") = "RaytracingTest", "RaytracingTest\RaytracingTest.vcxproj", "{8B81E587-A197-43F0-B213-577C214C6B0C}"
EndProject
Global
	GlobalSection(SolutionConfigurationPlatforms) = preSolution
		Debug|x64 = Debug|x64
		Debug|x86 = Debug|x86
		Release|x64 = Release|x64
		Release|x86 = Release|x86
	EndGlobalSection
	GlobalSection(ProjectConfigurationPlatforms) = postSolution
		{E5E93463-3CC1-4363-ABA5-E1E62CE1B387}.Debug|x64.ActiveCfg = Debug|x64
		{E5E93463-3CC1-4363-ABA5-E1E62CE1B387}.Debug|x64.Build.0 = Debug|x64
		{E5E93463-3CC1-4363-ABA5-E1E62CE1B387}.Debug|x86.ActiveCfg = Debug|Win32
		{E5E93463-3CC1-4363-ABA5-E1E62CE1B387}.Debug|x86.Build.0 = Debug|Win32
		{E5E93463-3CC1-4363-ABA5-E1E62CE1B387}.Release|x64.ActiveCfg = Release|x64
		{E5E93463-3CC1-4363-ABA5-E1E62CE1B387}.Release|x64.Build.0 = Release|x64
		{E5E93463-3CC1-4363-ABA5-E1E62CE1B387}.Release|x86.ActiveCfg = Release|Win32
		{E5E93463-3CC1-4363-ABA5-E1E62CE1B387}.Release|x86.Build.0 = Release|Win32
		{8B81E587-A197-43F0-B213-577C214C6B0C}.Debug|x64.ActiveCfg = Debug|x64
		{8B81E587-A197-43F0-B213-577C214C6B0C}.Debug|x64.Build.0 = Debug|x64
		{8B81E587-A197-43F0-B213-577C214C6B0C}.Debug|x86.ActiveCfg = Debug|Win32
		{8B81E587-A197-43F0-B213-577C214C6B0C}.Debug|x86.Build.0 = Debug|Win32
		{8B81E587-A197-43F0-B213-577C214C6B0C}.Release|x64.ActiveCfg = Release|x64
		{8B81E587-A197-43F0-B213-577C214C6B0C}.Release|x64.Build.0 = Release|x64
		{8B81E587-A197-43F0-B213-577C214C6B0C}.Release|x86.ActiveCfg = Release|Win32
		{8B81E587-A197-43F0-B213-577C214C6B0C}.Release|x86.Build.0 = Release|Win32
	EndGlobalSection
	GlobalSection(SolutionProperties) = preSolution
		HideSolutionNode = FALSE
	EndGlobalSection
	GlobalSection(ExtensibilityGlobals) = postSolution
		SolutionGuid = {0E95D603-4048-42C2-998E-E2968B216E4E}
	EndGlobalSection
EndGlobal
